
Microsoft Visual Studio Solution File, Format Version 12.00
# Visual Studio Version 17
VisualStudioVersion = 17.0.32112.339
MinimumVisualStudioVersion = 10.0.40219.1
Project("{9A19103F-16F7-4668-BE54-9A1E7A4F7556}") = "Automation_Framework", "Automation_Framework\Automation_Framework.csproj", "{EC9F2119-00AD-42F0-9A68-34329846E6DD}"
EndProject
Project("{FAE04EC0-301F-11D3-BF4B-00C04F79EFBC}") = "Automation_Framework.Tests", "Automation_Framework.Tests\Automation_Framework.Tests.csproj", "{3CC85641-1404-4B97-BDAC-A746C7AA60F7}"
EndProject
Global
	GlobalSection(SolutionConfigurationPlatforms) = preSolution
		Debug|Any CPU = Debug|Any CPU
		Release|Any CPU = Release|Any CPU
	EndGlobalSection
	GlobalSection(ProjectConfigurationPlatforms) = postSolution
		{EC9F2119-00AD-42F0-9A68-34329846E6DD}.Debug|Any CPU.ActiveCfg = Debug|Any CPU
		{EC9F2119-00AD-42F0-9A68-34329846E6DD}.Debug|Any CPU.Build.0 = Debug|Any CPU
		{EC9F2119-00AD-42F0-9A68-34329846E6DD}.Release|Any CPU.ActiveCfg = Release|Any CPU
		{EC9F2119-00AD-42F0-9A68-34329846E6DD}.Release|Any CPU.Build.0 = Release|Any CPU
		{3CC85641-1404-4B97-BDAC-A746C7AA60F7}.Debug|Any CPU.ActiveCfg = Debug|Any CPU
		{3CC85641-1404-4B97-BDAC-A746C7AA60F7}.Debug|Any CPU.Build.0 = Debug|Any CPU
		{3CC85641-1404-4B97-BDAC-A746C7AA60F7}.Release|Any CPU.ActiveCfg = Release|Any CPU
		{3CC85641-1404-4B97-BDAC-A746C7AA60F7}.Release|Any CPU.Build.0 = Release|Any CPU
	EndGlobalSection
	GlobalSection(SolutionProperties) = preSolution
		HideSolutionNode = FALSE
	EndGlobalSection
	GlobalSection(ExtensibilityGlobals) = postSolution
		SolutionGuid = {09EB5E29-77A7-4966-988D-035E3DA72501}
	EndGlobalSection
EndGlobal
